
Microsoft Visual Studio Solution File, Format Version 12.00
# Visual Studio Version 16
VisualStudioVersion = 16.0.28922.388
MinimumVisualStudioVersion = 10.0.40219.1
Project("{9A19103F-16F7-4668-BE54-9A1E7A4F7556}") = "FontCreator", "FontCreator\FontCreator.csproj", "{2E8A4CEF-98A0-4417-B075-F134825195CB}"
EndProject
Global
	GlobalSection(SolutionConfigurationPlatforms) = preSolution
		Debug|Any CPU = Debug|Any CPU
		Release|Any CPU = Release|Any CPU
	EndGlobalSection
	GlobalSection(ProjectConfigurationPlatforms) = postSolution
		{2E8A4CEF-98A0-4417-B075-F134825195CB}.Debug|Any CPU.ActiveCfg = Debug|Any CPU
		{2E8A4CEF-98A0-4417-B075-F134825195CB}.Debug|Any CPU.Build.0 = Debug|Any CPU
		{2E8A4CEF-98A0-4417-B075-F134825195CB}.Release|Any CPU.ActiveCfg = Release|Any CPU
		{2E8A4CEF-98A0-4417-B075-F134825195CB}.Release|Any CPU.Build.0 = Release|Any CPU
	EndGlobalSection
	GlobalSection(SolutionProperties) = preSolution
		HideSolutionNode = FALSE
	EndGlobalSection
	GlobalSection(ExtensibilityGlobals) = postSolution
		SolutionGuid = {0E32CA5B-BDFA-40E6-B839-F7A59630483C}
	EndGlobalSection
EndGlobal
